
Microsoft Visual Studio Solution File, Format Version 12.00
# Visual Studio Version 17
VisualStudioVersion = 17.7.34031.279
MinimumVisualStudioVersion = 10.0.40219.1
Project("{FAE04EC0-301F-11D3-BF4B-00C04F79EFBC}") = "Coalesced Hashing", "Coalesced Hashing.csproj", "{4DB95C98-8C45-45AD-A2BB-6875DF4E68C9}"
EndProject
Global
	GlobalSection(SolutionConfigurationPlatforms) = preSolution
		Debug|Any CPU = Debug|Any CPU
		Release|Any CPU = Release|Any CPU
	EndGlobalSection
	GlobalSection(ProjectConfigurationPlatforms) = postSolution
		{4DB95C98-8C45-45AD-A2BB-6875DF4E68C9}.Debug|Any CPU.ActiveCfg = Debug|Any CPU
		{4DB95C98-8C45-45AD-A2BB-6875DF4E68C9}.Debug|Any CPU.Build.0 = Debug|Any CPU
		{4DB95C98-8C45-45AD-A2BB-6875DF4E68C9}.Release|Any CPU.ActiveCfg = Release|Any CPU
		{4DB95C98-8C45-45AD-A2BB-6875DF4E68C9}.Release|Any CPU.Build.0 = Release|Any CPU
	EndGlobalSection
	GlobalSection(SolutionProperties) = preSolution
		HideSolutionNode = FALSE
	EndGlobalSection
	GlobalSection(ExtensibilityGlobals) = postSolution
		SolutionGuid = {D9C2B5B9-90CA-48B3-B43F-857D4AA849FF}
	EndGlobalSection
EndGlobal
